// !$*UTF8*$!
{
	archiveVersion = 1;
	classes = {
	};
	objectVersion = 56;
	objects = {

/* Begin PBXBuildFile section */
		873620A5298C139700088C52 /* WeatherModel.swift in Sources */ = {isa = PBXBuildFile; fileRef = 873620A4298C139700088C52 /* WeatherModel.swift */; };
		873620A8298C25B900088C52 /* WeatherManager.swift in Sources */ = {isa = PBXBuildFile; fileRef = 873620A7298C25B900088C52 /* WeatherManager.swift */; };
		873620AA298C366F00088C52 /* CityManager.swift in Sources */ = {isa = PBXBuildFile; fileRef = 873620A9298C366F00088C52 /* CityManager.swift */; };
		873620AC298C369100088C52 /* CityModel.swift in Sources */ = {isa = PBXBuildFile; fileRef = 873620AB298C369100088C52 /* CityModel.swift */; };
		8744585B2941EB1700C8119F /* SuperWeatherApp.swift in Sources */ = {isa = PBXBuildFile; fileRef = 8744585A2941EB1700C8119F /* SuperWeatherApp.swift */; };
		8744585D2941EB1700C8119F /* ContentView.swift in Sources */ = {isa = PBXBuildFile; fileRef = 8744585C2941EB1700C8119F /* ContentView.swift */; };
		8744585F2941EB1700C8119F /* Assets.xcassets in Resources */ = {isa = PBXBuildFile; fileRef = 8744585E2941EB1700C8119F /* Assets.xcassets */; };
		874458622941EB1700C8119F /* Preview Assets.xcassets in Resources */ = {isa = PBXBuildFile; fileRef = 874458612941EB1700C8119F /* Preview Assets.xcassets */; };
		8744586C2941EB1700C8119F /* SuperWeatherTests.swift in Sources */ = {isa = PBXBuildFile; fileRef = 8744586B2941EB1700C8119F /* SuperWeatherTests.swift */; };
		874458762941EB1700C8119F /* SuperWeatherUITests.swift in Sources */ = {isa = PBXBuildFile; fileRef = 874458752941EB1700C8119F /* SuperWeatherUITests.swift */; };
		874458782941EB1700C8119F /* SuperWeatherUITestsLaunchTests.swift in Sources */ = {isa = PBXBuildFile; fileRef = 874458772941EB1700C8119F /* SuperWeatherUITestsLaunchTests.swift */; };
		8744588A2941ED8A00C8119F /* CurrentWeatherView.swift in Sources */ = {isa = PBXBuildFile; fileRef = 874458892941ED8A00C8119F /* CurrentWeatherView.swift */; };
		8744588E2941FCD400C8119F /* ForecastView.swift in Sources */ = {isa = PBXBuildFile; fileRef = 8744588D2941FCD400C8119F /* ForecastView.swift */; };
		8744589429420CBC00C8119F /* ForecastGridView.swift in Sources */ = {isa = PBXBuildFile; fileRef = 8744589329420CBC00C8119F /* ForecastGridView.swift */; };
		8744589629420CD900C8119F /* ForecastGridItemView.swift in Sources */ = {isa = PBXBuildFile; fileRef = 8744589529420CD900C8119F /* ForecastGridItemView.swift */; };
		874458982942347400C8119F /* ViewModel.swift in Sources */ = {isa = PBXBuildFile; fileRef = 874458972942347400C8119F /* ViewModel.swift */; };
/* End PBXBuildFile section */

/* Begin PBXContainerItemProxy section */
		874458682941EB1700C8119F /* PBXContainerItemProxy */ = {
			isa = PBXContainerItemProxy;
			containerPortal = 8744584F2941EB1700C8119F /* Project object */;
			proxyType = 1;
			remoteGlobalIDString = 874458562941EB1700C8119F;
			remoteInfo = SuperWeather;
		};
		874458722941EB1700C8119F /* PBXContainerItemProxy */ = {
			isa = PBXContainerItemProxy;
			containerPortal = 8744584F2941EB1700C8119F /* Project object */;
			proxyType = 1;
			remoteGlobalIDString = 874458562941EB1700C8119F;
			remoteInfo = SuperWeather;
		};
/* End PBXContainerItemProxy section */

/* Begin PBXFileReference section */
		873620A4298C139700088C52 /* WeatherModel.swift */ = {isa = PBXFileReference; lastKnownFileType = sourcecode.swift; path = WeatherModel.swift; sourceTree = "<group>"; };
		873620A7298C25B900088C52 /* WeatherManager.swift */ = {isa = PBXFileReference; lastKnownFileType = sourcecode.swift; path = WeatherManager.swift; sourceTree = "<group>"; };
		873620A9298C366F00088C52 /* CityManager.swift */ = {isa = PBXFileReference; lastKnownFileType = sourcecode.swift; path = CityManager.swift; sourceTree = "<group>"; };
		873620AB298C369100088C52 /* CityModel.swift */ = {isa = PBXFileReference; lastKnownFileType = sourcecode.swift; path = CityModel.swift; sourceTree = "<group>"; };
		874458572941EB1700C8119F /* SuperWeather.app */ = {isa = PBXFileReference; explicitFileType = wrapper.application; includeInIndex = 0; path = SuperWeather.app; sourceTree = BUILT_PRODUCTS_DIR; };
		8744585A2941EB1700C8119F /* SuperWeatherApp.swift */ = {isa = PBXFileReference; lastKnownFileType = sourcecode.swift; path = SuperWeatherApp.swift; sourceTree = "<group>"; };
		8744585C2941EB1700C8119F /* ContentView.swift */ = {isa = PBXFileReference; lastKnownFileType = sourcecode.swift; path = ContentView.swift; sourceTree = "<group>"; };
		8744585E2941EB1700C8119F /* Assets.xcassets */ = {isa = PBXFileReference; lastKnownFileType = folder.assetcatalog; path = Assets.xcassets; sourceTree = "<group>"; };
		874458612941EB1700C8119F /* Preview Assets.xcassets */ = {isa = PBXFileReference; lastKnownFileType = folder.assetcatalog; path = "Preview Assets.xcassets"; sourceTree = "<group>"; };
		874458672941EB1700C8119F /* SuperWeatherTests.xctest */ = {isa = PBXFileReference; explicitFileType = wrapper.cfbundle; includeInIndex = 0; path = SuperWeatherTests.xctest; sourceTree = BUILT_PRODUCTS_DIR; };
		8744586B2941EB1700C8119F /* SuperWeatherTests.swift */ = {isa = PBXFileReference; lastKnownFileType = sourcecode.swift; path = SuperWeatherTests.swift; sourceTree = "<group>"; };
		874458712941EB1700C8119F /* SuperWeatherUITests.xctest */ = {isa = PBXFileReference; explicitFileType = wrapper.cfbundle; includeInIndex = 0; path = SuperWeatherUITests.xctest; sourceTree = BUILT_PRODUCTS_DIR; };
		874458752941EB1700C8119F /* SuperWeatherUITests.swift */ = {isa = PBXFileReference; lastKnownFileType = sourcecode.swift; path = SuperWeatherUITests.swift; sourceTree = "<group>"; };
		874458772941EB1700C8119F /* SuperWeatherUITestsLaunchTests.swift */ = {isa = PBXFileReference; lastKnownFileType = sourcecode.swift; path = SuperWeatherUITestsLaunchTests.swift; sourceTree = "<group>"; };
		874458892941ED8A00C8119F /* CurrentWeatherView.swift */ = {isa = PBXFileReference; lastKnownFileType = sourcecode.swift; path = CurrentWeatherView.swift; sourceTree = "<group>"; };
		8744588D2941FCD400C8119F /* ForecastView.swift */ = {isa = PBXFileReference; lastKnownFileType = sourcecode.swift; path = ForecastView.swift; sourceTree = "<group>"; };
		8744589329420CBC00C8119F /* ForecastGridView.swift */ = {isa = PBXFileReference; lastKnownFileType = sourcecode.swift; path = ForecastGridView.swift; sourceTree = "<group>"; };
		8744589529420CD900C8119F /* ForecastGridItemView.swift */ = {isa = PBXFileReference; lastKnownFileType = sourcecode.swift; path = ForecastGridItemView.swift; sourceTree = "<group>"; };
		874458972942347400C8119F /* ViewModel.swift */ = {isa = PBXFileReference; lastKnownFileType = sourcecode.swift; path = ViewModel.swift; sourceTree = "<group>"; };
/* End PBXFileReference section */

/* Begin PBXFrameworksBuildPhase section */
		874458542941EB1700C8119F /* Frameworks */ = {
			isa = PBXFrameworksBuildPhase;
			buildActionMask = 2147483647;
			files = (
			);
			runOnlyForDeploymentPostprocessing = 0;
		};
		874458642941EB1700C8119F /* Frameworks */ = {
			isa = PBXFrameworksBuildPhase;
			buildActionMask = 2147483647;
			files = (
			);
			runOnlyForDeploymentPostprocessing = 0;
		};
		8744586E2941EB1700C8119F /* Frameworks */ = {
			isa = PBXFrameworksBuildPhase;
			buildActionMask = 2147483647;
			files = (
			);
			runOnlyForDeploymentPostprocessing = 0;
		};
/* End PBXFrameworksBuildPhase section */

/* Begin PBXGroup section */
		873620A3298C138300088C52 /* Models */ = {
			isa = PBXGroup;
			children = (
				873620A4298C139700088C52 /* WeatherModel.swift */,
				873620AB298C369100088C52 /* CityModel.swift */,
			);
			path = Models;
			sourceTree = "<group>";
		};
		873620A6298C259C00088C52 /* Managers */ = {
			isa = PBXGroup;
			children = (
				873620A7298C25B900088C52 /* WeatherManager.swift */,
				873620A9298C366F00088C52 /* CityManager.swift */,
			);
			path = Managers;
			sourceTree = "<group>";
		};
		8744584E2941EB1700C8119F = {
			isa = PBXGroup;
			children = (
				874458592941EB1700C8119F /* SuperWeather */,
				8744586A2941EB1700C8119F /* SuperWeatherTests */,
				874458742941EB1700C8119F /* SuperWeatherUITests */,
				874458582941EB1700C8119F /* Products */,
			);
			sourceTree = "<group>";
		};
		874458582941EB1700C8119F /* Products */ = {
			isa = PBXGroup;
			children = (
				874458572941EB1700C8119F /* SuperWeather.app */,
				874458672941EB1700C8119F /* SuperWeatherTests.xctest */,
				874458712941EB1700C8119F /* SuperWeatherUITests.xctest */,
			);
			name = Products;
			sourceTree = "<group>";
		};
		874458592941EB1700C8119F /* SuperWeather */ = {
			isa = PBXGroup;
			children = (
				873620A6298C259C00088C52 /* Managers */,
				873620A3298C138300088C52 /* Models */,
				874458852941EC1800C8119F /* ViewModels */,
				874458842941EC0E00C8119F /* Views */,
				8744585A2941EB1700C8119F /* SuperWeatherApp.swift */,
				8744585E2941EB1700C8119F /* Assets.xcassets */,
				874458602941EB1700C8119F /* Preview Content */,
			);
			path = SuperWeather;
			sourceTree = "<group>";
		};
		874458602941EB1700C8119F /* Preview Content */ = {
			isa = PBXGroup;
			children = (
				874458612941EB1700C8119F /* Preview Assets.xcassets */,
			);
			path = "Preview Content";
			sourceTree = "<group>";
		};
		8744586A2941EB1700C8119F /* SuperWeatherTests */ = {
			isa = PBXGroup;
			children = (
				8744586B2941EB1700C8119F /* SuperWeatherTests.swift */,
			);
			path = SuperWeatherTests;
			sourceTree = "<group>";
		};
		874458742941EB1700C8119F /* SuperWeatherUITests */ = {
			isa = PBXGroup;
			children = (
				874458752941EB1700C8119F /* SuperWeatherUITests.swift */,
				874458772941EB1700C8119F /* SuperWeatherUITestsLaunchTests.swift */,
			);
			path = SuperWeatherUITests;
			sourceTree = "<group>";
		};
		874458842941EC0E00C8119F /* Views */ = {
			isa = PBXGroup;
			children = (
				8744585C2941EB1700C8119F /* ContentView.swift */,
				874458892941ED8A00C8119F /* CurrentWeatherView.swift */,
				8744588D2941FCD400C8119F /* ForecastView.swift */,
				8744589329420CBC00C8119F /* ForecastGridView.swift */,
				8744589529420CD900C8119F /* ForecastGridItemView.swift */,
			);
			path = Views;
			sourceTree = "<group>";
		};
		874458852941EC1800C8119F /* ViewModels */ = {
			isa = PBXGroup;
			children = (
				874458972942347400C8119F /* ViewModel.swift */,
			);
			path = ViewModels;
			sourceTree = "<group>";
		};
/* End PBXGroup section */

/* Begin PBXNativeTarget section */
		874458562941EB1700C8119F /* SuperWeather */ = {
			isa = PBXNativeTarget;
			buildConfigurationList = 8744587B2941EB1700C8119F /* Build configuration list for PBXNativeTarget "SuperWeather" */;
			buildPhases = (
				874458532941EB1700C8119F /* Sources */,
				874458542941EB1700C8119F /* Frameworks */,
				874458552941EB1700C8119F /* Resources */,
			);
			buildRules = (
			);
			dependencies = (
			);
			name = SuperWeather;
			productName = SuperWeather;
			productReference = 874458572941EB1700C8119F /* SuperWeather.app */;
			productType = "com.apple.product-type.application";
		};
		874458662941EB1700C8119F /* SuperWeatherTests */ = {
			isa = PBXNativeTarget;
			buildConfigurationList = 8744587E2941EB1700C8119F /* Build configuration list for PBXNativeTarget "SuperWeatherTests" */;
			buildPhases = (
				874458632941EB1700C8119F /* Sources */,
				874458642941EB1700C8119F /* Frameworks */,
				874458652941EB1700C8119F /* Resources */,
			);
			buildRules = (
			);
			dependencies = (
				874458692941EB1700C8119F /* PBXTargetDependency */,
			);
			name = SuperWeatherTests;
			productName = SuperWeatherTests;
			productReference = 874458672941EB1700C8119F /* SuperWeatherTests.xctest */;
			productType = "com.apple.product-type.bundle.unit-test";
		};
		874458702941EB1700C8119F /* SuperWeatherUITests */ = {
			isa = PBXNativeTarget;
			buildConfigurationList = 874458812941EB1700C8119F /* Build configuration list for PBXNativeTarget "SuperWeatherUITests" */;
			buildPhases = (
				8744586D2941EB1700C8119F /* Sources */,
				8744586E2941EB1700C8119F /* Frameworks */,
				8744586F2941EB1700C8119F /* Resources */,
			);
			buildRules = (
			);
			dependencies = (
				874458732941EB1700C8119F /* PBXTargetDependency */,
			);
			name = SuperWeatherUITests;
			productName = SuperWeatherUITests;
			productReference = 874458712941EB1700C8119F /* SuperWeatherUITests.xctest */;
			productType = "com.apple.product-type.bundle.ui-testing";
		};
/* End PBXNativeTarget section */

/* Begin PBXProject section */
		8744584F2941EB1700C8119F /* Project object */ = {
			isa = PBXProject;
			attributes = {
				BuildIndependentTargetsInParallel = 1;
				LastSwiftUpdateCheck = 1410;
				LastUpgradeCheck = 1410;
				TargetAttributes = {
					874458562941EB1700C8119F = {
						CreatedOnToolsVersion = 14.1;
					};
					874458662941EB1700C8119F = {
						CreatedOnToolsVersion = 14.1;
						TestTargetID = 874458562941EB1700C8119F;
					};
					874458702941EB1700C8119F = {
						CreatedOnToolsVersion = 14.1;
						TestTargetID = 874458562941EB1700C8119F;
					};
				};
			};
			buildConfigurationList = 874458522941EB1700C8119F /* Build configuration list for PBXProject "SuperWeather" */;
			compatibilityVersion = "Xcode 14.0";
			developmentRegion = en;
			hasScannedForEncodings = 0;
			knownRegions = (
				en,
				Base,
			);
			mainGroup = 8744584E2941EB1700C8119F;
			productRefGroup = 874458582941EB1700C8119F /* Products */;
			projectDirPath = "";
			projectRoot = "";
			targets = (
				874458562941EB1700C8119F /* SuperWeather */,
				874458662941EB1700C8119F /* SuperWeatherTests */,
				874458702941EB1700C8119F /* SuperWeatherUITests */,
			);
		};
/* End PBXProject section */

/* Begin PBXResourcesBuildPhase section */
		874458552941EB1700C8119F /* Resources */ = {
			isa = PBXResourcesBuildPhase;
			buildActionMask = 2147483647;
			files = (
				874458622941EB1700C8119F /* Preview Assets.xcassets in Resources */,
				8744585F2941EB1700C8119F /* Assets.xcassets in Resources */,
			);
			runOnlyForDeploymentPostprocessing = 0;
		};
		874458652941EB1700C8119F /* Resources */ = {
			isa = PBXResourcesBuildPhase;
			buildActionMask = 2147483647;
			files = (
			);
			runOnlyForDeploymentPostprocessing = 0;
		};
		8744586F2941EB1700C8119F /* Resources */ = {
			isa = PBXResourcesBuildPhase;
			buildActionMask = 2147483647;
			files = (
			);
			runOnlyForDeploymentPostprocessing = 0;
		};
/* End PBXResourcesBuildPhase section */

/* Begin PBXSourcesBuildPhase section */
		874458532941EB1700C8119F /* Sources */ = {
			isa = PBXSourcesBuildPhase;
			buildActionMask = 2147483647;
			files = (
				8744588A2941ED8A00C8119F /* CurrentWeatherView.swift in Sources */,
				8744585D2941EB1700C8119F /* ContentView.swift in Sources */,
				873620AA298C366F00088C52 /* CityManager.swift in Sources */,
				8744589429420CBC00C8119F /* ForecastGridView.swift in Sources */,
				8744585B2941EB1700C8119F /* SuperWeatherApp.swift in Sources */,
				873620AC298C369100088C52 /* CityModel.swift in Sources */,
				8744589629420CD900C8119F /* ForecastGridItemView.swift in Sources */,
				8744588E2941FCD400C8119F /* ForecastView.swift in Sources */,
				873620A8298C25B900088C52 /* WeatherManager.swift in Sources */,
				873620A5298C139700088C52 /* WeatherModel.swift in Sources */,
				874458982942347400C8119F /* ViewModel.swift in Sources */,
			);
			runOnlyForDeploymentPostprocessing = 0;
		};
		874458632941EB1700C8119F /* Sources */ = {
			isa = PBXSourcesBuildPhase;
			buildActionMask = 2147483647;
			files = (
				8744586C2941EB1700C8119F /* SuperWeatherTests.swift in Sources */,
			);
			runOnlyForDeploymentPostprocessing = 0;
		};
		8744586D2941EB1700C8119F /* Sources */ = {
			isa = PBXSourcesBuildPhase;
			buildActionMask = 2147483647;
			files = (
				874458762941EB1700C8119F /* SuperWeatherUITests.swift in Sources */,
				874458782941EB1700C8119F /* SuperWeatherUITestsLaunchTests.swift in Sources */,
			);
			runOnlyForDeploymentPostprocessing = 0;
		};
/* End PBXSourcesBuildPhase section */

/* Begin PBXTargetDependency section */
		874458692941EB1700C8119F /* PBXTargetDependency */ = {
			isa = PBXTargetDependency;
			target = 874458562941EB1700C8119F /* SuperWeather */;
			targetProxy = 874458682941EB1700C8119F /* PBXContainerItemProxy */;
		};
		874458732941EB1700C8119F /* PBXTargetDependency */ = {
			isa = PBXTargetDependency;
			target = 874458562941EB1700C8119F /* SuperWeather */;
			targetProxy = 874458722941EB1700C8119F /* PBXContainerItemProxy */;
		};
/* End PBXTargetDependency section */

/* Begin XCBuildConfiguration section */
		874458792941EB1700C8119F /* Debug */ = {
			isa = XCBuildConfiguration;
			buildSettings = {
				ALWAYS_SEARCH_USER_PATHS = NO;
				CLANG_ANALYZER_NONNULL = YES;
				CLANG_ANALYZER_NUMBER_OBJECT_CONVERSION = YES_AGGRESSIVE;
				CLANG_CXX_LANGUAGE_STANDARD = "gnu++20";
				CLANG_ENABLE_MODULES = YES;
				CLANG_ENABLE_OBJC_ARC = YES;
				CLANG_ENABLE_OBJC_WEAK = YES;
				CLANG_WARN_BLOCK_CAPTURE_AUTORELEASING = YES;
				CLANG_WARN_BOOL_CONVERSION = YES;
				CLANG_WARN_COMMA = YES;
				CLANG_WARN_CONSTANT_CONVERSION = YES;
				CLANG_WARN_DEPRECATED_OBJC_IMPLEMENTATIONS = YES;
				CLANG_WARN_DIRECT_OBJC_ISA_USAGE = YES_ERROR;
				CLANG_WARN_DOCUMENTATION_COMMENTS = YES;
				CLANG_WARN_EMPTY_BODY = YES;
				CLANG_WARN_ENUM_CONVERSION = YES;
				CLANG_WARN_INFINITE_RECURSION = YES;
				CLANG_WARN_INT_CONVERSION = YES;
				CLANG_WARN_NON_LITERAL_NULL_CONVERSION = YES;
				CLANG_WARN_OBJC_IMPLICIT_RETAIN_SELF = YES;
				CLANG_WARN_OBJC_LITERAL_CONVERSION = YES;
				CLANG_WARN_OBJC_ROOT_CLASS = YES_ERROR;
				CLANG_WARN_QUOTED_INCLUDE_IN_FRAMEWORK_HEADER = YES;
				CLANG_WARN_RANGE_LOOP_ANALYSIS = YES;
				CLANG_WARN_STRICT_PROTOTYPES = YES;
				CLANG_WARN_SUSPICIOUS_MOVE = YES;
				CLANG_WARN_UNGUARDED_AVAILABILITY = YES_AGGRESSIVE;
				CLANG_WARN_UNREACHABLE_CODE = YES;
				CLANG_WARN__DUPLICATE_METHOD_MATCH = YES;
				COPY_PHASE_STRIP = NO;
				DEBUG_INFORMATION_FORMAT = dwarf;
				ENABLE_STRICT_OBJC_MSGSEND = YES;
				ENABLE_TESTABILITY = YES;
				GCC_C_LANGUAGE_STANDARD = gnu11;
				GCC_DYNAMIC_NO_PIC = NO;
				GCC_NO_COMMON_BLOCKS = YES;
				GCC_OPTIMIZATION_LEVEL = 0;
				GCC_PREPROCESSOR_DEFINITIONS = (
					"DEBUG=1",
					"$(inherited)",
				);
				GCC_WARN_64_TO_32_BIT_CONVERSION = YES;
				GCC_WARN_ABOUT_RETURN_TYPE = YES_ERROR;
				GCC_WARN_UNDECLARED_SELECTOR = YES;
				GCC_WARN_UNINITIALIZED_AUTOS = YES_AGGRESSIVE;
				GCC_WARN_UNUSED_FUNCTION = YES;
				GCC_WARN_UNUSED_VARIABLE = YES;
				IPHONEOS_DEPLOYMENT_TARGET = 16.1;
				MTL_ENABLE_DEBUG_INFO = INCLUDE_SOURCE;
				MTL_FAST_MATH = YES;
				ONLY_ACTIVE_ARCH = YES;
				SDKROOT = iphoneos;
				SWIFT_ACTIVE_COMPILATION_CONDITIONS = DEBUG;
				SWIFT_OPTIMIZATION_LEVEL = "-Onone";
			};
			name = Debug;
		};
		8744587A2941EB1700C8119F /* Release */ = {
			isa = XCBuildConfiguration;
			buildSettings = {
				ALWAYS_SEARCH_USER_PATHS = NO;
				CLANG_ANALYZER_NONNULL = YES;
				CLANG_ANALYZER_NUMBER_OBJECT_CONVERSION = YES_AGGRESSIVE;
				CLANG_CXX_LANGUAGE_STANDARD = "gnu++20";
				CLANG_ENABLE_MODULES = YES;
				CLANG_ENABLE_OBJC_ARC = YES;
				CLANG_ENABLE_OBJC_WEAK = YES;
				CLANG_WARN_BLOCK_CAPTURE_AUTORELEASING = YES;
				CLANG_WARN_BOOL_CONVERSION = YES;
				CLANG_WARN_COMMA = YES;
				CLANG_WARN_CONSTANT_CONVERSION = YES;
				CLANG_WARN_DEPRECATED_OBJC_IMPLEMENTATIONS = YES;
				CLANG_WARN_DIRECT_OBJC_ISA_USAGE = YES_ERROR;
				CLANG_WARN_DOCUMENTATION_COMMENTS = YES;
				CLANG_WARN_EMPTY_BODY = YES;
				CLANG_WARN_ENUM_CONVERSION = YES;
				CLANG_WARN_INFINITE_RECURSION = YES;
				CLANG_WARN_INT_CONVERSION = YES;
				CLANG_WARN_NON_LITERAL_NULL_CONVERSION = YES;
				CLANG_WARN_OBJC_IMPLICIT_RETAIN_SELF = YES;
				CLANG_WARN_OBJC_LITERAL_CONVERSION = YES;
				CLANG_WARN_OBJC_ROOT_CLASS = YES_ERROR;
				CLANG_WARN_QUOTED_INCLUDE_IN_FRAMEWORK_HEADER = YES;
				CLANG_WARN_RANGE_LOOP_ANALYSIS = YES;
				CLANG_WARN_STRICT_PROTOTYPES = YES;
				CLANG_WARN_SUSPICIOUS_MOVE = YES;
				CLANG_WARN_UNGUARDED_AVAILABILITY = YES_AGGRESSIVE;
				CLANG_WARN_UNREACHABLE_CODE = YES;
				CLANG_WARN__DUPLICATE_METHOD_MATCH = YES;
				COPY_PHASE_STRIP = NO;
				DEBUG_INFORMATION_FORMAT = "dwarf-with-dsym";
				ENABLE_NS_ASSERTIONS = NO;
				ENABLE_STRICT_OBJC_MSGSEND = YES;
				GCC_C_LANGUAGE_STANDARD = gnu11;
				GCC_NO_COMMON_BLOCKS = YES;
				GCC_WARN_64_TO_32_BIT_CONVERSION = YES;
				GCC_WARN_ABOUT_RETURN_TYPE = YES_ERROR;
				GCC_WARN_UNDECLARED_SELECTOR = YES;
				GCC_WARN_UNINITIALIZED_AUTOS = YES_AGGRESSIVE;
				GCC_WARN_UNUSED_FUNCTION = YES;
				GCC_WARN_UNUSED_VARIABLE = YES;
				IPHONEOS_DEPLOYMENT_TARGET = 16.1;
				MTL_ENABLE_DEBUG_INFO = NO;
				MTL_FAST_MATH = YES;
				SDKROOT = iphoneos;
				SWIFT_COMPILATION_MODE = wholemodule;
				SWIFT_OPTIMIZATION_LEVEL = "-O";
				VALIDATE_PRODUCT = YES;
			};
			name = Release;
		};
		8744587C2941EB1700C8119F /* Debug */ = {
			isa = XCBuildConfiguration;
			buildSettings = {
				ASSETCATALOG_COMPILER_APPICON_NAME = AppIcon;
				ASSETCATALOG_COMPILER_GLOBAL_ACCENT_COLOR_NAME = AccentColor;
				CODE_SIGN_STYLE = Automatic;
				CURRENT_PROJECT_VERSION = 1;
				DEVELOPMENT_ASSET_PATHS = "\"SuperWeather/Preview Content\"";
				ENABLE_PREVIEWS = YES;
				GENERATE_INFOPLIST_FILE = YES;
				INFOPLIST_KEY_UIApplicationSceneManifest_Generation = YES;
				INFOPLIST_KEY_UIApplicationSupportsIndirectInputEvents = YES;
				INFOPLIST_KEY_UILaunchScreen_Generation = YES;
				INFOPLIST_KEY_UISupportedInterfaceOrientations_iPad = "UIInterfaceOrientationPortrait UIInterfaceOrientationPortraitUpsideDown UIInterfaceOrientationLandscapeLeft UIInterfaceOrientationLandscapeRight";
				INFOPLIST_KEY_UISupportedInterfaceOrientations_iPhone = "UIInterfaceOrientationPortrait UIInterfaceOrientationLandscapeLeft UIInterfaceOrientationLandscapeRight";
				LD_RUNPATH_SEARCH_PATHS = (
					"$(inherited)",
					"@executable_path/Frameworks",
				);
				MARKETING_VERSION = 1.0;
				PRODUCT_BUNDLE_IDENTIFIER = arvid95.SuperWeather;
				PRODUCT_NAME = "$(TARGET_NAME)";
				SWIFT_EMIT_LOC_STRINGS = YES;
				SWIFT_VERSION = 5.0;
				TARGETED_DEVICE_FAMILY = "1,2";
			};
			name = Debug;
		};
		8744587D2941EB1700C8119F /* Release */ = {
			isa = XCBuildConfiguration;
			buildSettings = {
				ASSETCATALOG_COMPILER_APPICON_NAME = AppIcon;
				ASSETCATALOG_COMPILER_GLOBAL_ACCENT_COLOR_NAME = AccentColor;
				CODE_SIGN_STYLE = Automatic;
				CURRENT_PROJECT_VERSION = 1;
				DEVELOPMENT_ASSET_PATHS = "\"SuperWeather/Preview Content\"";
				ENABLE_PREVIEWS = YES;
				GENERATE_INFOPLIST_FILE = YES;
				INFOPLIST_KEY_UIApplicationSceneManifest_Generation = YES;
				INFOPLIST_KEY_UIApplicationSupportsIndirectInputEvents = YES;
				INFOPLIST_KEY_UILaunchScreen_Generation = YES;
				INFOPLIST_KEY_UISupportedInterfaceOrientations_iPad = "UIInterfaceOrientationPortrait UIInterfaceOrientationPortraitUpsideDown UIInterfaceOrientationLandscapeLeft UIInterfaceOrientationLandscapeRight";
				INFOPLIST_KEY_UISupportedInterfaceOrientations_iPhone = "UIInterfaceOrientationPortrait UIInterfaceOrientationLandscapeLeft UIInterfaceOrientationLandscapeRight";
				LD_RUNPATH_SEARCH_PATHS = (
					"$(inherited)",
					"@executable_path/Frameworks",
				);
				MARKETING_VERSION = 1.0;
				PRODUCT_BUNDLE_IDENTIFIER = arvid95.SuperWeather;
				PRODUCT_NAME = "$(TARGET_NAME)";
				SWIFT_EMIT_LOC_STRINGS = YES;
				SWIFT_VERSION = 5.0;
				TARGETED_DEVICE_FAMILY = "1,2";
			};
			name = Release;
		};
		8744587F2941EB1700C8119F /* Debug */ = {
			isa = XCBuildConfiguration;
			buildSettings = {
				ALWAYS_EMBED_SWIFT_STANDARD_LIBRARIES = YES;
				BUNDLE_LOADER = "$(TEST_HOST)";
				CODE_SIGN_STYLE = Automatic;
				CURRENT_PROJECT_VERSION = 1;
				GENERATE_INFOPLIST_FILE = YES;
				IPHONEOS_DEPLOYMENT_TARGET = 16.1;
				MARKETING_VERSION = 1.0;
				PRODUCT_BUNDLE_IDENTIFIER = arvid95.SuperWeatherTests;
				PRODUCT_NAME = "$(TARGET_NAME)";
				SWIFT_EMIT_LOC_STRINGS = NO;
				SWIFT_VERSION = 5.0;
				TARGETED_DEVICE_FAMILY = "1,2";
				TEST_HOST = "$(BUILT_PRODUCTS_DIR)/SuperWeather.app/$(BUNDLE_EXECUTABLE_FOLDER_PATH)/SuperWeather";
			};
			name = Debug;
		};
		874458802941EB1700C8119F /* Release */ = {
			isa = XCBuildConfiguration;
			buildSettings = {
				ALWAYS_EMBED_SWIFT_STANDARD_LIBRARIES = YES;
				BUNDLE_LOADER = "$(TEST_HOST)";
				CODE_SIGN_STYLE = Automatic;
				CURRENT_PROJECT_VERSION = 1;
				GENERATE_INFOPLIST_FILE = YES;
				IPHONEOS_DEPLOYMENT_TARGET = 16.1;
				MARKETING_VERSION = 1.0;
				PRODUCT_BUNDLE_IDENTIFIER = arvid95.SuperWeatherTests;
				PRODUCT_NAME = "$(TARGET_NAME)";
				SWIFT_EMIT_LOC_STRINGS = NO;
				SWIFT_VERSION = 5.0;
				TARGETED_DEVICE_FAMILY = "1,2";
				TEST_HOST = "$(BUILT_PRODUCTS_DIR)/SuperWeather.app/$(BUNDLE_EXECUTABLE_FOLDER_PATH)/SuperWeather";
			};
			name = Release;
		};
		874458822941EB1700C8119F /* Debug */ = {
			isa = XCBuildConfiguration;
			buildSettings = {
				ALWAYS_EMBED_SWIFT_STANDARD_LIBRARIES = YES;
				CODE_SIGN_STYLE = Automatic;
				CURRENT_PROJECT_VERSION = 1;
				GENERATE_INFOPLIST_FILE = YES;
				MARKETING_VERSION = 1.0;
				PRODUCT_BUNDLE_IDENTIFIER = arvid95.SuperWeatherUITests;
				PRODUCT_NAME = "$(TARGET_NAME)";
				SWIFT_EMIT_LOC_STRINGS = NO;
				SWIFT_VERSION = 5.0;
				TARGETED_DEVICE_FAMILY = "1,2";
				TEST_TARGET_NAME = SuperWeather;
			};
			name = Debug;
		};
		874458832941EB1700C8119F /* Release */ = {
			isa = XCBuildConfiguration;
			buildSettings = {
				ALWAYS_EMBED_SWIFT_STANDARD_LIBRARIES = YES;
				CODE_SIGN_STYLE = Automatic;
				CURRENT_PROJECT_VERSION = 1;
				GENERATE_INFOPLIST_FILE = YES;
				MARKETING_VERSION = 1.0;
				PRODUCT_BUNDLE_IDENTIFIER = arvid95.SuperWeatherUITests;
				PRODUCT_NAME = "$(TARGET_NAME)";
				SWIFT_EMIT_LOC_STRINGS = NO;
				SWIFT_VERSION = 5.0;
				TARGETED_DEVICE_FAMILY = "1,2";
				TEST_TARGET_NAME = SuperWeather;
			};
			name = Release;
		};
/* End XCBuildConfiguration section */

/* Begin XCConfigurationList section */
		874458522941EB1700C8119F /* Build configuration list for PBXProject "SuperWeather" */ = {
			isa = XCConfigurationList;
			buildConfigurations = (
				874458792941EB1700C8119F /* Debug */,
				8744587A2941EB1700C8119F /* Release */,
			);
			defaultConfigurationIsVisible = 0;
			defaultConfigurationName = Release;
		};
		8744587B2941EB1700C8119F /* Build configuration list for PBXNativeTarget "SuperWeather" */ = {
			isa = XCConfigurationList;
			buildConfigurations = (
				8744587C2941EB1700C8119F /* Debug */,
				8744587D2941EB1700C8119F /* Release */,
			);
			defaultConfigurationIsVisible = 0;
			defaultConfigurationName = Release;
		};
		8744587E2941EB1700C8119F /* Build configuration list for PBXNativeTarget "SuperWeatherTests" */ = {
			isa = XCConfigurationList;
			buildConfigurations = (
				8744587F2941EB1700C8119F /* Debug */,
				874458802941EB1700C8119F /* Release */,
			);
			defaultConfigurationIsVisible = 0;
			defaultConfigurationName = Release;
		};
		874458812941EB1700C8119F /* Build configuration list for PBXNativeTarget "SuperWeatherUITests" */ = {
			isa = XCConfigurationList;
			buildConfigurations = (
				874458822941EB1700C8119F /* Debug */,
				874458832941EB1700C8119F /* Release */,
			);
			defaultConfigurationIsVisible = 0;
			defaultConfigurationName = Release;
		};
/* End XCConfigurationList section */
	};
	rootObject = 8744584F2941EB1700C8119F /* Project object */;
}
